
Microsoft Visual Studio Solution File, Format Version 12.00
# Visual Studio Version 16
VisualStudioVersion = 16.0.29905.134
MinimumVisualStudioVersion = 10.0.40219.1
Project("{FAE04EC0-301F-11D3-BF4B-00C04F79EFBC}") = "OOP Review Code", "OOP Review Code.csproj", "{B851DB53-ADFF-4DE3-90A8-295FD2FD0094}"
EndProject
Global
	GlobalSection(SolutionConfigurationPlatforms) = preSolution
		Debug|Any CPU = Debug|Any CPU
		Release|Any CPU = Release|Any CPU
	EndGlobalSection
	GlobalSection(ProjectConfigurationPlatforms) = postSolution
		{B851DB53-ADFF-4DE3-90A8-295FD2FD0094}.Debug|Any CPU.ActiveCfg = Debug|Any CPU
		{B851DB53-ADFF-4DE3-90A8-295FD2FD0094}.Debug|Any CPU.Build.0 = Debug|Any CPU
		{B851DB53-ADFF-4DE3-90A8-295FD2FD0094}.Release|Any CPU.ActiveCfg = Release|Any CPU
		{B851DB53-ADFF-4DE3-90A8-295FD2FD0094}.Release|Any CPU.Build.0 = Release|Any CPU
	EndGlobalSection
	GlobalSection(SolutionProperties) = preSolution
		HideSolutionNode = FALSE
	EndGlobalSection
	GlobalSection(ExtensibilityGlobals) = postSolution
		SolutionGuid = {D56744B8-9FCC-44F4-9E42-A645C9D6D720}
	EndGlobalSection
EndGlobal
